
Microsoft Visual Studio Solution File, Format Version 12.00
# Visual Studio Version 17
VisualStudioVersion = 17.2.32616.157
MinimumVisualStudioVersion = 10.0.40219.1
Project("{FAE04EC0-301F-11D3-BF4B-00C04F79EFBC}") = "DataStructures", "DataStructures\DataStructures.csproj", "{7BE06423-4A6A-4617-AD33-9DB2FCF9B0CF}"
EndProject
Global
	GlobalSection(SolutionConfigurationPlatforms) = preSolution
		Debug|Any CPU = Debug|Any CPU
		Release|Any CPU = Release|Any CPU
	EndGlobalSection
	GlobalSection(ProjectConfigurationPlatforms) = postSolution
		{7BE06423-4A6A-4617-AD33-9DB2FCF9B0CF}.Debug|Any CPU.ActiveCfg = Debug|Any CPU
		{7BE06423-4A6A-4617-AD33-9DB2FCF9B0CF}.Debug|Any CPU.Build.0 = Debug|Any CPU
		{7BE06423-4A6A-4617-AD33-9DB2FCF9B0CF}.Release|Any CPU.ActiveCfg = Release|Any CPU
		{7BE06423-4A6A-4617-AD33-9DB2FCF9B0CF}.Release|Any CPU.Build.0 = Release|Any CPU
	EndGlobalSection
	GlobalSection(SolutionProperties) = preSolution
		HideSolutionNode = FALSE
	EndGlobalSection
	GlobalSection(ExtensibilityGlobals) = postSolution
		SolutionGuid = {4444F8DA-476F-4F69-9697-CEC11A3A9739}
	EndGlobalSection
EndGlobal
